
Microsoft Visual Studio Solution File, Format Version 12.00
# Visual Studio Version 16
Project("{2150E333-8FDC-42A3-9474-1A3956D46DE8}") = "CMakePredefinedTargets", "CMakePredefinedTargets", "{C0EEA5E9-80D8-30C0-BBB1-330BA9F87532}"
EndProject
Project("{2150E333-8FDC-42A3-9474-1A3956D46DE8}") = "GLFW3", "GLFW3", "{9398B036-5BFB-3AB9-9D22-09E7EC378261}"
EndProject
Project("{2150E333-8FDC-42A3-9474-1A3956D46DE8}") = "Examples", "GLFW3\Examples", "{64032C76-C303-3F3D-9644-5955E4A35CFD}"
EndProject
Project("{2150E333-8FDC-42A3-9474-1A3956D46DE8}") = "Tests", "GLFW3\Tests", "{0CF807C0-1590-3E98-9AA4-91687D9A84AC}"
EndProject
Project("{8BC9CEB8-8B4A-11D0-8D11-00A0C91BC942}") = "ALL_BUILD", "ALL_BUILD.vcxproj", "{CEEA1002-5E99-3CCD-ADFC-E35575915A6F}"
	ProjectSection(ProjectDependencies) = postProject
		{71ECADC0-8F8A-3FFE-BE35-37A881825229} = {71ECADC0-8F8A-3FFE-BE35-37A881825229}
		{0C91A503-D855-3028-804D-519E12344399} = {0C91A503-D855-3028-804D-519E12344399}
		{3C80E0B9-368E-399E-A547-3E4F210E9DC1} = {3C80E0B9-368E-399E-A547-3E4F210E9DC1}
		{5275FBB2-CE55-355A-9688-526EE1D52305} = {5275FBB2-CE55-355A-9688-526EE1D52305}
		{07A4C5E4-762F-3D71-9649-73E544551B02} = {07A4C5E4-762F-3D71-9649-73E544551B02}
		{DC34A84F-8E5D-35A4-8C82-00C466829E98} = {DC34A84F-8E5D-35A4-8C82-00C466829E98}
		{7277797B-EE36-3CA6-BE3D-12C10BD27391} = {7277797B-EE36-3CA6-BE3D-12C10BD27391}
		{33D924C7-133E-385F-BEE1-420E1AF66F16} = {33D924C7-133E-385F-BEE1-420E1AF66F16}
		{08B54111-724A-3709-A230-F27071774B88} = {08B54111-724A-3709-A230-F27071774B88}
		{45AD2299-4977-3F6C-935B-6F6B29CC2642} = {45AD2299-4977-3F6C-935B-6F6B29CC2642}
		{17381202-C648-36A8-9C8B-EC18B1CE6AF6} = {17381202-C648-36A8-9C8B-EC18B1CE6AF6}
		{B1AC51E7-40CC-33E8-BFB1-E46F0D7BB484} = {B1AC51E7-40CC-33E8-BFB1-E46F0D7BB484}
		{B6903078-8D17-3AEE-A5E2-C629EFF9E876} = {B6903078-8D17-3AEE-A5E2-C629EFF9E876}
		{EE9907C7-13CB-39E9-AA09-814C06C30FA0} = {EE9907C7-13CB-39E9-AA09-814C06C30FA0}
		{7C8FF8C7-52E7-3EBF-9E7A-C58ED40895CA} = {7C8FF8C7-52E7-3EBF-9E7A-C58ED40895CA}
		{D29C0B49-F86D-3B86-AE18-31D9C50C0AC4} = {D29C0B49-F86D-3B86-AE18-31D9C50C0AC4}
		{8B60334D-3440-3D41-9008-482D936ACCB2} = {8B60334D-3440-3D41-9008-482D936ACCB2}
		{717D39EC-4019-307A-B49C-6023AC229231} = {717D39EC-4019-307A-B49C-6023AC229231}
		{46BEC9C0-B892-3946-80F2-FC2C25BB365A} = {46BEC9C0-B892-3946-80F2-FC2C25BB365A}
		{BE8D27D7-6CA6-3CDE-8363-4C1FF6D0BDC6} = {BE8D27D7-6CA6-3CDE-8363-4C1FF6D0BDC6}
		{4A9C576D-55C8-3A77-B98C-A42C2BAC91C0} = {4A9C576D-55C8-3A77-B98C-A42C2BAC91C0}
		{59E17CEA-B08F-3319-B5BC-1BADEA9D0570} = {59E17CEA-B08F-3319-B5BC-1BADEA9D0570}
		{97B63D6B-7F90-369C-A6D1-E7408A99FDFD} = {97B63D6B-7F90-369C-A6D1-E7408A99FDFD}
		{441A46C9-112B-3186-B07B-1D8C00778DB7} = {441A46C9-112B-3186-B07B-1D8C00778DB7}
		{6C568FD3-E618-32BC-BE12-83FE3100C76C} = {6C568FD3-E618-32BC-BE12-83FE3100C76C}
		{1DB4347B-B0EF-3188-A571-A5C1E5CDA3C3} = {1DB4347B-B0EF-3188-A571-A5C1E5CDA3C3}
		{C3FE3E18-4BCA-3208-8C87-CC920477373D} = {C3FE3E18-4BCA-3208-8C87-CC920477373D}
	EndProjectSection
EndProject
Project("{8BC9CEB8-8B4A-11D0-8D11-00A0C91BC942}") = "GLEW_1130", "external\GLEW_1130.vcxproj", "{71ECADC0-8F8A-3FFE-BE35-37A881825229}"
	ProjectSection(ProjectDependencies) = postProject
		{0C91A503-D855-3028-804D-519E12344399} = {0C91A503-D855-3028-804D-519E12344399}
	EndProjectSection
EndProject
Project("{8BC9CEB8-8B4A-11D0-8D11-00A0C91BC942}") = "INSTALL", "INSTALL.vcxproj", "{38EE7098-C1C8-3C16-92C7-2F08AD27A189}"
	ProjectSection(ProjectDependencies) = postProject
		{CEEA1002-5E99-3CCD-ADFC-E35575915A6F} = {CEEA1002-5E99-3CCD-ADFC-E35575915A6F}
		{0C91A503-D855-3028-804D-519E12344399} = {0C91A503-D855-3028-804D-519E12344399}
	EndProjectSection
EndProject
Project("{8BC9CEB8-8B4A-11D0-8D11-00A0C91BC942}") = "ZERO_CHECK", "ZERO_CHECK.vcxproj", "{0C91A503-D855-3028-804D-519E12344399}"
	ProjectSection(ProjectDependencies) = postProject
	EndProjectSection
EndProject
Project("{8BC9CEB8-8B4A-11D0-8D11-00A0C91BC942}") = "boing", "external\glfw-3.1.2\examples\boing.vcxproj", "{3C80E0B9-368E-399E-A547-3E4F210E9DC1}"
	ProjectSection(ProjectDependencies) = postProject
		{0C91A503-D855-3028-804D-519E12344399} = {0C91A503-D855-3028-804D-519E12344399}
		{45AD2299-4977-3F6C-935B-6F6B29CC2642} = {45AD2299-4977-3F6C-935B-6F6B29CC2642}
	EndProjectSection
EndProject
Project("{8BC9CEB8-8B4A-11D0-8D11-00A0C91BC942}") = "clipboard", "external\glfw-3.1.2\tests\clipboard.vcxproj", "{5275FBB2-CE55-355A-9688-526EE1D52305}"
	ProjectSection(ProjectDependencies) = postProject
		{0C91A503-D855-3028-804D-519E12344399} = {0C91A503-D855-3028-804D-519E12344399}
		{45AD2299-4977-3F6C-935B-6F6B29CC2642} = {45AD2299-4977-3F6C-935B-6F6B29CC2642}
	EndProjectSection
EndProject
Project("{8BC9CEB8-8B4A-11D0-8D11-00A0C91BC942}") = "cursor", "external\glfw-3.1.2\tests\cursor.vcxproj", "{07A4C5E4-762F-3D71-9649-73E544551B02}"
	ProjectSection(ProjectDependencies) = postProject
		{0C91A503-D855-3028-804D-519E12344399} = {0C91A503-D855-3028-804D-519E12344399}
		{45AD2299-4977-3F6C-935B-6F6B29CC2642} = {45AD2299-4977-3F6C-935B-6F6B29CC2642}
	EndProjectSection
EndProject
Project("{8BC9CEB8-8B4A-11D0-8D11-00A0C91BC942}") = "empty", "external\glfw-3.1.2\tests\empty.vcxproj", "{DC34A84F-8E5D-35A4-8C82-00C466829E98}"
	ProjectSection(ProjectDependencies) = postProject
		{0C91A503-D855-3028-804D-519E12344399} = {0C91A503-D855-3028-804D-519E12344399}
		{45AD2299-4977-3F6C-935B-6F6B29CC2642} = {45AD2299-4977-3F6C-935B-6F6B29CC2642}
	EndProjectSection
EndProject
Project("{8BC9CEB8-8B4A-11D0-8D11-00A0C91BC942}") = "events", "external\glfw-3.1.2\tests\events.vcxproj", "{7277797B-EE36-3CA6-BE3D-12C10BD27391}"
	ProjectSection(ProjectDependencies) = postProject
		{0C91A503-D855-3028-804D-519E12344399} = {0C91A503-D855-3028-804D-519E12344399}
		{45AD2299-4977-3F6C-935B-6F6B29CC2642} = {45AD2299-4977-3F6C-935B-6F6B29CC2642}
	EndProjectSection
EndProject
Project("{8BC9CEB8-8B4A-11D0-8D11-00A0C91BC942}") = "gamma", "external\glfw-3.1.2\tests\gamma.vcxproj", "{33D924C7-133E-385F-BEE1-420E1AF66F16}"
	ProjectSection(ProjectDependencies) = postProject
		{0C91A503-D855-3028-804D-519E12344399} = {0C91A503-D855-3028-804D-519E12344399}
		{45AD2299-4977-3F6C-935B-6F6B29CC2642} = {45AD2299-4977-3F6C-935B-6F6B29CC2642}
	EndProjectSection
EndProject
Project("{8BC9CEB8-8B4A-11D0-8D11-00A0C91BC942}") = "gears", "external\glfw-3.1.2\examples\gears.vcxproj", "{08B54111-724A-3709-A230-F27071774B88}"
	ProjectSection(ProjectDependencies) = postProject
		{0C91A503-D855-3028-804D-519E12344399} = {0C91A503-D855-3028-804D-519E12344399}
		{45AD2299-4977-3F6C-935B-6F6B29CC2642} = {45AD2299-4977-3F6C-935B-6F6B29CC2642}
	EndProjectSection
EndProject
Project("{8BC9CEB8-8B4A-11D0-8D11-00A0C91BC942}") = "glfw", "external\glfw-3.1.2\src\glfw.vcxproj", "{45AD2299-4977-3F6C-935B-6F6B29CC2642}"
	ProjectSection(ProjectDependencies) = postProject
		{0C91A503-D855-3028-804D-519E12344399} = {0C91A503-D855-3028-804D-519E12344399}
	EndProjectSection
EndProject
Project("{8BC9CEB8-8B4A-11D0-8D11-00A0C91BC942}") = "glfwinfo", "external\glfw-3.1.2\tests\glfwinfo.vcxproj", "{17381202-C648-36A8-9C8B-EC18B1CE6AF6}"
	ProjectSection(ProjectDependencies) = postProject
		{0C91A503-D855-3028-804D-519E12344399} = {0C91A503-D855-3028-804D-519E12344399}
		{45AD2299-4977-3F6C-935B-6F6B29CC2642} = {45AD2299-4977-3F6C-935B-6F6B29CC2642}
	EndProjectSection
EndProject
Project("{8BC9CEB8-8B4A-11D0-8D11-00A0C91BC942}") = "heightmap", "external\glfw-3.1.2\examples\heightmap.vcxproj", "{B1AC51E7-40CC-33E8-BFB1-E46F0D7BB484}"
	ProjectSection(ProjectDependencies) = postProject
		{0C91A503-D855-3028-804D-519E12344399} = {0C91A503-D855-3028-804D-519E12344399}
		{45AD2299-4977-3F6C-935B-6F6B29CC2642} = {45AD2299-4977-3F6C-935B-6F6B29CC2642}
	EndProjectSection
EndProject
Project("{8BC9CEB8-8B4A-11D0-8D11-00A0C91BC942}") = "iconify", "external\glfw-3.1.2\tests\iconify.vcxproj", "{B6903078-8D17-3AEE-A5E2-C629EFF9E876}"
	ProjectSection(ProjectDependencies) = postProject
		{0C91A503-D855-3028-804D-519E12344399} = {0C91A503-D855-3028-804D-519E12344399}
		{45AD2299-4977-3F6C-935B-6F6B29CC2642} = {45AD2299-4977-3F6C-935B-6F6B29CC2642}
	EndProjectSection
EndProject
Project("{8BC9CEB8-8B4A-11D0-8D11-00A0C91BC942}") = "joysticks", "external\glfw-3.1.2\tests\joysticks.vcxproj", "{EE9907C7-13CB-39E9-AA09-814C06C30FA0}"
	ProjectSection(ProjectDependencies) = postProject
		{0C91A503-D855-3028-804D-519E12344399} = {0C91A503-D855-3028-804D-519E12344399}
		{45AD2299-4977-3F6C-935B-6F6B29CC2642} = {45AD2299-4977-3F6C-935B-6F6B29CC2642}
	EndProjectSection
EndProject
Project("{8BC9CEB8-8B4A-11D0-8D11-00A0C91BC942}") = "monitors", "external\glfw-3.1.2\tests\monitors.vcxproj", "{7C8FF8C7-52E7-3EBF-9E7A-C58ED40895CA}"
	ProjectSection(ProjectDependencies) = postProject
		{0C91A503-D855-3028-804D-519E12344399} = {0C91A503-D855-3028-804D-519E12344399}
		{45AD2299-4977-3F6C-935B-6F6B29CC2642} = {45AD2299-4977-3F6C-935B-6F6B29CC2642}
	EndProjectSection
EndProject
Project("{8BC9CEB8-8B4A-11D0-8D11-00A0C91BC942}") = "msaa", "external\glfw-3.1.2\tests\msaa.vcxproj", "{D29C0B49-F86D-3B86-AE18-31D9C50C0AC4}"
	ProjectSection(ProjectDependencies) = postProject
		{0C91A503-D855-3028-804D-519E12344399} = {0C91A503-D855-3028-804D-519E12344399}
		{45AD2299-4977-3F6C-935B-6F6B29CC2642} = {45AD2299-4977-3F6C-935B-6F6B29CC2642}
	EndProjectSection
EndProject
Project("{8BC9CEB8-8B4A-11D0-8D11-00A0C91BC942}") = "particles", "external\glfw-3.1.2\examples\particles.vcxproj", "{8B60334D-3440-3D41-9008-482D936ACCB2}"
	ProjectSection(ProjectDependencies) = postProject
		{0C91A503-D855-3028-804D-519E12344399} = {0C91A503-D855-3028-804D-519E12344399}
		{45AD2299-4977-3F6C-935B-6F6B29CC2642} = {45AD2299-4977-3F6C-935B-6F6B29CC2642}
	EndProjectSection
EndProject
Project("{8BC9CEB8-8B4A-11D0-8D11-00A0C91BC942}") = "playground", "playground.vcxproj", "{717D39EC-4019-307A-B49C-6023AC229231}"
	ProjectSection(ProjectDependencies) = postProject
		{71ECADC0-8F8A-3FFE-BE35-37A881825229} = {71ECADC0-8F8A-3FFE-BE35-37A881825229}
		{0C91A503-D855-3028-804D-519E12344399} = {0C91A503-D855-3028-804D-519E12344399}
		{45AD2299-4977-3F6C-935B-6F6B29CC2642} = {45AD2299-4977-3F6C-935B-6F6B29CC2642}
	EndProjectSection
EndProject
Project("{8BC9CEB8-8B4A-11D0-8D11-00A0C91BC942}") = "reopen", "external\glfw-3.1.2\tests\reopen.vcxproj", "{46BEC9C0-B892-3946-80F2-FC2C25BB365A}"
	ProjectSection(ProjectDependencies) = postProject
		{0C91A503-D855-3028-804D-519E12344399} = {0C91A503-D855-3028-804D-519E12344399}
		{45AD2299-4977-3F6C-935B-6F6B29CC2642} = {45AD2299-4977-3F6C-935B-6F6B29CC2642}
	EndProjectSection
EndProject
Project("{8BC9CEB8-8B4A-11D0-8D11-00A0C91BC942}") = "sharing", "external\glfw-3.1.2\tests\sharing.vcxproj", "{BE8D27D7-6CA6-3CDE-8363-4C1FF6D0BDC6}"
	ProjectSection(ProjectDependencies) = postProject
		{0C91A503-D855-3028-804D-519E12344399} = {0C91A503-D855-3028-804D-519E12344399}
		{45AD2299-4977-3F6C-935B-6F6B29CC2642} = {45AD2299-4977-3F6C-935B-6F6B29CC2642}
	EndProjectSection
EndProject
Project("{8BC9CEB8-8B4A-11D0-8D11-00A0C91BC942}") = "simple", "external\glfw-3.1.2\examples\simple.vcxproj", "{4A9C576D-55C8-3A77-B98C-A42C2BAC91C0}"
	ProjectSection(ProjectDependencies) = postProject
		{0C91A503-D855-3028-804D-519E12344399} = {0C91A503-D855-3028-804D-519E12344399}
		{45AD2299-4977-3F6C-935B-6F6B29CC2642} = {45AD2299-4977-3F6C-935B-6F6B29CC2642}
	EndProjectSection
EndProject
Project("{8BC9CEB8-8B4A-11D0-8D11-00A0C91BC942}") = "splitview", "external\glfw-3.1.2\examples\splitview.vcxproj", "{59E17CEA-B08F-3319-B5BC-1BADEA9D0570}"
	ProjectSection(ProjectDependencies) = postProject
		{0C91A503-D855-3028-804D-519E12344399} = {0C91A503-D855-3028-804D-519E12344399}
		{45AD2299-4977-3F6C-935B-6F6B29CC2642} = {45AD2299-4977-3F6C-935B-6F6B29CC2642}
	EndProjectSection
EndProject
Project("{8BC9CEB8-8B4A-11D0-8D11-00A0C91BC942}") = "tearing", "external\glfw-3.1.2\tests\tearing.vcxproj", "{97B63D6B-7F90-369C-A6D1-E7408A99FDFD}"
	ProjectSection(ProjectDependencies) = postProject
		{0C91A503-D855-3028-804D-519E12344399} = {0C91A503-D855-3028-804D-519E12344399}
		{45AD2299-4977-3F6C-935B-6F6B29CC2642} = {45AD2299-4977-3F6C-935B-6F6B29CC2642}
	EndProjectSection
EndProject
Project("{8BC9CEB8-8B4A-11D0-8D11-00A0C91BC942}") = "threads", "external\glfw-3.1.2\tests\threads.vcxproj", "{441A46C9-112B-3186-B07B-1D8C00778DB7}"
	ProjectSection(ProjectDependencies) = postProject
		{0C91A503-D855-3028-804D-519E12344399} = {0C91A503-D855-3028-804D-519E12344399}
		{45AD2299-4977-3F6C-935B-6F6B29CC2642} = {45AD2299-4977-3F6C-935B-6F6B29CC2642}
	EndProjectSection
EndProject
Project("{8BC9CEB8-8B4A-11D0-8D11-00A0C91BC942}") = "title", "external\glfw-3.1.2\tests\title.vcxproj", "{6C568FD3-E618-32BC-BE12-83FE3100C76C}"
	ProjectSection(ProjectDependencies) = postProject
		{0C91A503-D855-3028-804D-519E12344399} = {0C91A503-D855-3028-804D-519E12344399}
		{45AD2299-4977-3F6C-935B-6F6B29CC2642} = {45AD2299-4977-3F6C-935B-6F6B29CC2642}
	EndProjectSection
EndProject
Project("{8BC9CEB8-8B4A-11D0-8D11-00A0C91BC942}") = "uninstall", "external\glfw-3.1.2\uninstall.vcxproj", "{9B3F12B0-63D7-30AD-BF95-4371C2DD55B4}"
	ProjectSection(ProjectDependencies) = postProject
		{0C91A503-D855-3028-804D-519E12344399} = {0C91A503-D855-3028-804D-519E12344399}
	EndProjectSection
EndProject
Project("{8BC9CEB8-8B4A-11D0-8D11-00A0C91BC942}") = "wave", "external\glfw-3.1.2\examples\wave.vcxproj", "{1DB4347B-B0EF-3188-A571-A5C1E5CDA3C3}"
	ProjectSection(ProjectDependencies) = postProject
		{0C91A503-D855-3028-804D-519E12344399} = {0C91A503-D855-3028-804D-519E12344399}
		{45AD2299-4977-3F6C-935B-6F6B29CC2642} = {45AD2299-4977-3F6C-935B-6F6B29CC2642}
	EndProjectSection
EndProject
Project("{8BC9CEB8-8B4A-11D0-8D11-00A0C91BC942}") = "windows", "external\glfw-3.1.2\tests\windows.vcxproj", "{C3FE3E18-4BCA-3208-8C87-CC920477373D}"
	ProjectSection(ProjectDependencies) = postProject
		{0C91A503-D855-3028-804D-519E12344399} = {0C91A503-D855-3028-804D-519E12344399}
		{45AD2299-4977-3F6C-935B-6F6B29CC2642} = {45AD2299-4977-3F6C-935B-6F6B29CC2642}
	EndProjectSection
EndProject
Global
	GlobalSection(SolutionConfigurationPlatforms) = preSolution
		Debug|x64 = Debug|x64
		Release|x64 = Release|x64
		MinSizeRel|x64 = MinSizeRel|x64
		RelWithDebInfo|x64 = RelWithDebInfo|x64
	EndGlobalSection
	GlobalSection(ProjectConfigurationPlatforms) = postSolution
		{CEEA1002-5E99-3CCD-ADFC-E35575915A6F}.Debug|x64.ActiveCfg = Debug|x64
		{CEEA1002-5E99-3CCD-ADFC-E35575915A6F}.Debug|x64.Build.0 = Debug|x64
		{CEEA1002-5E99-3CCD-ADFC-E35575915A6F}.Release|x64.ActiveCfg = Release|x64
		{CEEA1002-5E99-3CCD-ADFC-E35575915A6F}.Release|x64.Build.0 = Release|x64
		{CEEA1002-5E99-3CCD-ADFC-E35575915A6F}.MinSizeRel|x64.ActiveCfg = MinSizeRel|x64
		{CEEA1002-5E99-3CCD-ADFC-E35575915A6F}.MinSizeRel|x64.Build.0 = MinSizeRel|x64
		{CEEA1002-5E99-3CCD-ADFC-E35575915A6F}.RelWithDebInfo|x64.ActiveCfg = RelWithDebInfo|x64
		{CEEA1002-5E99-3CCD-ADFC-E35575915A6F}.RelWithDebInfo|x64.Build.0 = RelWithDebInfo|x64
		{71ECADC0-8F8A-3FFE-BE35-37A881825229}.Debug|x64.ActiveCfg = Debug|x64
		{71ECADC0-8F8A-3FFE-BE35-37A881825229}.Debug|x64.Build.0 = Debug|x64
		{71ECADC0-8F8A-3FFE-BE35-37A881825229}.Release|x64.ActiveCfg = Release|x64
		{71ECADC0-8F8A-3FFE-BE35-37A881825229}.Release|x64.Build.0 = Release|x64
		{71ECADC0-8F8A-3FFE-BE35-37A881825229}.MinSizeRel|x64.ActiveCfg = MinSizeRel|x64
		{71ECADC0-8F8A-3FFE-BE35-37A881825229}.MinSizeRel|x64.Build.0 = MinSizeRel|x64
		{71ECADC0-8F8A-3FFE-BE35-37A881825229}.RelWithDebInfo|x64.ActiveCfg = RelWithDebInfo|x64
		{71ECADC0-8F8A-3FFE-BE35-37A881825229}.RelWithDebInfo|x64.Build.0 = RelWithDebInfo|x64
		{38EE7098-C1C8-3C16-92C7-2F08AD27A189}.Debug|x64.ActiveCfg = Debug|x64
		{38EE7098-C1C8-3C16-92C7-2F08AD27A189}.Release|x64.ActiveCfg = Release|x64
		{38EE7098-C1C8-3C16-92C7-2F08AD27A189}.MinSizeRel|x64.ActiveCfg = MinSizeRel|x64
		{38EE7098-C1C8-3C16-92C7-2F08AD27A189}.RelWithDebInfo|x64.ActiveCfg = RelWithDebInfo|x64
		{0C91A503-D855-3028-804D-519E12344399}.Debug|x64.ActiveCfg = Debug|x64
		{0C91A503-D855-3028-804D-519E12344399}.Debug|x64.Build.0 = Debug|x64
		{0C91A503-D855-3028-804D-519E12344399}.Release|x64.ActiveCfg = Release|x64
		{0C91A503-D855-3028-804D-519E12344399}.Release|x64.Build.0 = Release|x64
		{0C91A503-D855-3028-804D-519E12344399}.MinSizeRel|x64.ActiveCfg = MinSizeRel|x64
		{0C91A503-D855-3028-804D-519E12344399}.MinSizeRel|x64.Build.0 = MinSizeRel|x64
		{0C91A503-D855-3028-804D-519E12344399}.RelWithDebInfo|x64.ActiveCfg = RelWithDebInfo|x64
		{0C91A503-D855-3028-804D-519E12344399}.RelWithDebInfo|x64.Build.0 = RelWithDebInfo|x64
		{3C80E0B9-368E-399E-A547-3E4F210E9DC1}.Debug|x64.ActiveCfg = Debug|x64
		{3C80E0B9-368E-399E-A547-3E4F210E9DC1}.Debug|x64.Build.0 = Debug|x64
		{3C80E0B9-368E-399E-A547-3E4F210E9DC1}.Release|x64.ActiveCfg = Release|x64
		{3C80E0B9-368E-399E-A547-3E4F210E9DC1}.Release|x64.Build.0 = Release|x64
		{3C80E0B9-368E-399E-A547-3E4F210E9DC1}.MinSizeRel|x64.ActiveCfg = MinSizeRel|x64
		{3C80E0B9-368E-399E-A547-3E4F210E9DC1}.MinSizeRel|x64.Build.0 = MinSizeRel|x64
		{3C80E0B9-368E-399E-A547-3E4F210E9DC1}.RelWithDebInfo|x64.ActiveCfg = RelWithDebInfo|x64
		{3C80E0B9-368E-399E-A547-3E4F210E9DC1}.RelWithDebInfo|x64.Build.0 = RelWithDebInfo|x64
		{5275FBB2-CE55-355A-9688-526EE1D52305}.Debug|x64.ActiveCfg = Debug|x64
		{5275FBB2-CE55-355A-9688-526EE1D52305}.Debug|x64.Build.0 = Debug|x64
		{5275FBB2-CE55-355A-9688-526EE1D52305}.Release|x64.ActiveCfg = Release|x64
		{5275FBB2-CE55-355A-9688-526EE1D52305}.Release|x64.Build.0 = Release|x64
		{5275FBB2-CE55-355A-9688-526EE1D52305}.MinSizeRel|x64.ActiveCfg = MinSizeRel|x64
		{5275FBB2-CE55-355A-9688-526EE1D52305}.MinSizeRel|x64.Build.0 = MinSizeRel|x64
		{5275FBB2-CE55-355A-9688-526EE1D52305}.RelWithDebInfo|x64.ActiveCfg = RelWithDebInfo|x64
		{5275FBB2-CE55-355A-9688-526EE1D52305}.RelWithDebInfo|x64.Build.0 = RelWithDebInfo|x64
		{07A4C5E4-762F-3D71-9649-73E544551B02}.Debug|x64.ActiveCfg = Debug|x64
		{07A4C5E4-762F-3D71-9649-73E544551B02}.Debug|x64.Build.0 = Debug|x64
		{07A4C5E4-762F-3D71-9649-73E544551B02}.Release|x64.ActiveCfg = Release|x64
		{07A4C5E4-762F-3D71-9649-73E544551B02}.Release|x64.Build.0 = Release|x64
		{07A4C5E4-762F-3D71-9649-73E544551B02}.MinSizeRel|x64.ActiveCfg = MinSizeRel|x64
		{07A4C5E4-762F-3D71-9649-73E544551B02}.MinSizeRel|x64.Build.0 = MinSizeRel|x64
		{07A4C5E4-762F-3D71-9649-73E544551B02}.RelWithDebInfo|x64.ActiveCfg = RelWithDebInfo|x64
		{07A4C5E4-762F-3D71-9649-73E544551B02}.RelWithDebInfo|x64.Build.0 = RelWithDebInfo|x64
		{DC34A84F-8E5D-35A4-8C82-00C466829E98}.Debug|x64.ActiveCfg = Debug|x64
		{DC34A84F-8E5D-35A4-8C82-00C466829E98}.Debug|x64.Build.0 = Debug|x64
		{DC34A84F-8E5D-35A4-8C82-00C466829E98}.Release|x64.ActiveCfg = Release|x64
		{DC34A84F-8E5D-35A4-8C82-00C466829E98}.Release|x64.Build.0 = Release|x64
		{DC34A84F-8E5D-35A4-8C82-00C466829E98}.MinSizeRel|x64.ActiveCfg = MinSizeRel|x64
		{DC34A84F-8E5D-35A4-8C82-00C466829E98}.MinSizeRel|x64.Build.0 = MinSizeRel|x64
		{DC34A84F-8E5D-35A4-8C82-00C466829E98}.RelWithDebInfo|x64.ActiveCfg = RelWithDebInfo|x64
		{DC34A84F-8E5D-35A4-8C82-00C466829E98}.RelWithDebInfo|x64.Build.0 = RelWithDebInfo|x64
		{7277797B-EE36-3CA6-BE3D-12C10BD27391}.Debug|x64.ActiveCfg = Debug|x64
		{7277797B-EE36-3CA6-BE3D-12C10BD27391}.Debug|x64.Build.0 = Debug|x64
		{7277797B-EE36-3CA6-BE3D-12C10BD27391}.Release|x64.ActiveCfg = Release|x64
		{7277797B-EE36-3CA6-BE3D-12C10BD27391}.Release|x64.Build.0 = Release|x64
		{7277797B-EE36-3CA6-BE3D-12C10BD27391}.MinSizeRel|x64.ActiveCfg = MinSizeRel|x64
		{7277797B-EE36-3CA6-BE3D-12C10BD27391}.MinSizeRel|x64.Build.0 = MinSizeRel|x64
		{7277797B-EE36-3CA6-BE3D-12C10BD27391}.RelWithDebInfo|x64.ActiveCfg = RelWithDebInfo|x64
		{7277797B-EE36-3CA6-BE3D-12C10BD27391}.RelWithDebInfo|x64.Build.0 = RelWithDebInfo|x64
		{33D924C7-133E-385F-BEE1-420E1AF66F16}.Debug|x64.ActiveCfg = Debug|x64
		{33D924C7-133E-385F-BEE1-420E1AF66F16}.Debug|x64.Build.0 = Debug|x64
		{33D924C7-133E-385F-BEE1-420E1AF66F16}.Release|x64.ActiveCfg = Release|x64
		{33D924C7-133E-385F-BEE1-420E1AF66F16}.Release|x64.Build.0 = Release|x64
		{33D924C7-133E-385F-BEE1-420E1AF66F16}.MinSizeRel|x64.ActiveCfg = MinSizeRel|x64
		{33D924C7-133E-385F-BEE1-420E1AF66F16}.MinSizeRel|x64.Build.0 = MinSizeRel|x64
		{33D924C7-133E-385F-BEE1-420E1AF66F16}.RelWithDebInfo|x64.ActiveCfg = RelWithDebInfo|x64
		{33D924C7-133E-385F-BEE1-420E1AF66F16}.RelWithDebInfo|x64.Build.0 = RelWithDebInfo|x64
		{08B54111-724A-3709-A230-F27071774B88}.Debug|x64.ActiveCfg = Debug|x64
		{08B54111-724A-3709-A230-F27071774B88}.Debug|x64.Build.0 = Debug|x64
		{08B54111-724A-3709-A230-F27071774B88}.Release|x64.ActiveCfg = Release|x64
		{08B54111-724A-3709-A230-F27071774B88}.Release|x64.Build.0 = Release|x64
		{08B54111-724A-3709-A230-F27071774B88}.MinSizeRel|x64.ActiveCfg = MinSizeRel|x64
		{08B54111-724A-3709-A230-F27071774B88}.MinSizeRel|x64.Build.0 = MinSizeRel|x64
		{08B54111-724A-3709-A230-F27071774B88}.RelWithDebInfo|x64.ActiveCfg = RelWithDebInfo|x64
		{08B54111-724A-3709-A230-F27071774B88}.RelWithDebInfo|x64.Build.0 = RelWithDebInfo|x64
		{45AD2299-4977-3F6C-935B-6F6B29CC2642}.Debug|x64.ActiveCfg = Debug|x64
		{45AD2299-4977-3F6C-935B-6F6B29CC2642}.Debug|x64.Build.0 = Debug|x64
		{45AD2299-4977-3F6C-935B-6F6B29CC2642}.Release|x64.ActiveCfg = Release|x64
		{45AD2299-4977-3F6C-935B-6F6B29CC2642}.Release|x64.Build.0 = Release|x64
		{45AD2299-4977-3F6C-935B-6F6B29CC2642}.MinSizeRel|x64.ActiveCfg = MinSizeRel|x64
		{45AD2299-4977-3F6C-935B-6F6B29CC2642}.MinSizeRel|x64.Build.0 = MinSizeRel|x64
		{45AD2299-4977-3F6C-935B-6F6B29CC2642}.RelWithDebInfo|x64.ActiveCfg = RelWithDebInfo|x64
		{45AD2299-4977-3F6C-935B-6F6B29CC2642}.RelWithDebInfo|x64.Build.0 = RelWithDebInfo|x64
		{17381202-C648-36A8-9C8B-EC18B1CE6AF6}.Debug|x64.ActiveCfg = Debug|x64
		{17381202-C648-36A8-9C8B-EC18B1CE6AF6}.Debug|x64.Build.0 = Debug|x64
		{17381202-C648-36A8-9C8B-EC18B1CE6AF6}.Release|x64.ActiveCfg = Release|x64
		{17381202-C648-36A8-9C8B-EC18B1CE6AF6}.Release|x64.Build.0 = Release|x64
		{17381202-C648-36A8-9C8B-EC18B1CE6AF6}.MinSizeRel|x64.ActiveCfg = MinSizeRel|x64
		{17381202-C648-36A8-9C8B-EC18B1CE6AF6}.MinSizeRel|x64.Build.0 = MinSizeRel|x64
		{17381202-C648-36A8-9C8B-EC18B1CE6AF6}.RelWithDebInfo|x64.ActiveCfg = RelWithDebInfo|x64
		{17381202-C648-36A8-9C8B-EC18B1CE6AF6}.RelWithDebInfo|x64.Build.0 = RelWithDebInfo|x64
		{B1AC51E7-40CC-33E8-BFB1-E46F0D7BB484}.Debug|x64.ActiveCfg = Debug|x64
		{B1AC51E7-40CC-33E8-BFB1-E46F0D7BB484}.Debug|x64.Build.0 = Debug|x64
		{B1AC51E7-40CC-33E8-BFB1-E46F0D7BB484}.Release|x64.ActiveCfg = Release|x64
		{B1AC51E7-40CC-33E8-BFB1-E46F0D7BB484}.Release|x64.Build.0 = Release|x64
		{B1AC51E7-40CC-33E8-BFB1-E46F0D7BB484}.MinSizeRel|x64.ActiveCfg = MinSizeRel|x64
		{B1AC51E7-40CC-33E8-BFB1-E46F0D7BB484}.MinSizeRel|x64.Build.0 = MinSizeRel|x64
		{B1AC51E7-40CC-33E8-BFB1-E46F0D7BB484}.RelWithDebInfo|x64.ActiveCfg = RelWithDebInfo|x64
		{B1AC51E7-40CC-33E8-BFB1-E46F0D7BB484}.RelWithDebInfo|x64.Build.0 = RelWithDebInfo|x64
		{B6903078-8D17-3AEE-A5E2-C629EFF9E876}.Debug|x64.ActiveCfg = Debug|x64
		{B6903078-8D17-3AEE-A5E2-C629EFF9E876}.Debug|x64.Build.0 = Debug|x64
		{B6903078-8D17-3AEE-A5E2-C629EFF9E876}.Release|x64.ActiveCfg = Release|x64
		{B6903078-8D17-3AEE-A5E2-C629EFF9E876}.Release|x64.Build.0 = Release|x64
		{B6903078-8D17-3AEE-A5E2-C629EFF9E876}.MinSizeRel|x64.ActiveCfg = MinSizeRel|x64
		{B6903078-8D17-3AEE-A5E2-C629EFF9E876}.MinSizeRel|x64.Build.0 = MinSizeRel|x64
		{B6903078-8D17-3AEE-A5E2-C629EFF9E876}.RelWithDebInfo|x64.ActiveCfg = RelWithDebInfo|x64
		{B6903078-8D17-3AEE-A5E2-C629EFF9E876}.RelWithDebInfo|x64.Build.0 = RelWithDebInfo|x64
		{EE9907C7-13CB-39E9-AA09-814C06C30FA0}.Debug|x64.ActiveCfg = Debug|x64
		{EE9907C7-13CB-39E9-AA09-814C06C30FA0}.Debug|x64.Build.0 = Debug|x64
		{EE9907C7-13CB-39E9-AA09-814C06C30FA0}.Release|x64.ActiveCfg = Release|x64
		{EE9907C7-13CB-39E9-AA09-814C06C30FA0}.Release|x64.Build.0 = Release|x64
		{EE9907C7-13CB-39E9-AA09-814C06C30FA0}.MinSizeRel|x64.ActiveCfg = MinSizeRel|x64
		{EE9907C7-13CB-39E9-AA09-814C06C30FA0}.MinSizeRel|x64.Build.0 = MinSizeRel|x64
		{EE9907C7-13CB-39E9-AA09-814C06C30FA0}.RelWithDebInfo|x64.ActiveCfg = RelWithDebInfo|x64
		{EE9907C7-13CB-39E9-AA09-814C06C30FA0}.RelWithDebInfo|x64.Build.0 = RelWithDebInfo|x64
		{7C8FF8C7-52E7-3EBF-9E7A-C58ED40895CA}.Debug|x64.ActiveCfg = Debug|x64
		{7C8FF8C7-52E7-3EBF-9E7A-C58ED40895CA}.Debug|x64.Build.0 = Debug|x64
		{7C8FF8C7-52E7-3EBF-9E7A-C58ED40895CA}.Release|x64.ActiveCfg = Release|x64
		{7C8FF8C7-52E7-3EBF-9E7A-C58ED40895CA}.Release|x64.Build.0 = Release|x64
		{7C8FF8C7-52E7-3EBF-9E7A-C58ED40895CA}.MinSizeRel|x64.ActiveCfg = MinSizeRel|x64
		{7C8FF8C7-52E7-3EBF-9E7A-C58ED40895CA}.MinSizeRel|x64.Build.0 = MinSizeRel|x64
		{7C8FF8C7-52E7-3EBF-9E7A-C58ED40895CA}.RelWithDebInfo|x64.ActiveCfg = RelWithDebInfo|x64
		{7C8FF8C7-52E7-3EBF-9E7A-C58ED40895CA}.RelWithDebInfo|x64.Build.0 = RelWithDebInfo|x64
		{D29C0B49-F86D-3B86-AE18-31D9C50C0AC4}.Debug|x64.ActiveCfg = Debug|x64
		{D29C0B49-F86D-3B86-AE18-31D9C50C0AC4}.Debug|x64.Build.0 = Debug|x64
		{D29C0B49-F86D-3B86-AE18-31D9C50C0AC4}.Release|x64.ActiveCfg = Release|x64
		{D29C0B49-F86D-3B86-AE18-31D9C50C0AC4}.Release|x64.Build.0 = Release|x64
		{D29C0B49-F86D-3B86-AE18-31D9C50C0AC4}.MinSizeRel|x64.ActiveCfg = MinSizeRel|x64
		{D29C0B49-F86D-3B86-AE18-31D9C50C0AC4}.MinSizeRel|x64.Build.0 = MinSizeRel|x64
		{D29C0B49-F86D-3B86-AE18-31D9C50C0AC4}.RelWithDebInfo|x64.ActiveCfg = RelWithDebInfo|x64
		{D29C0B49-F86D-3B86-AE18-31D9C50C0AC4}.RelWithDebInfo|x64.Build.0 = RelWithDebInfo|x64
		{8B60334D-3440-3D41-9008-482D936ACCB2}.Debug|x64.ActiveCfg = Debug|x64
		{8B60334D-3440-3D41-9008-482D936ACCB2}.Debug|x64.Build.0 = Debug|x64
		{8B60334D-3440-3D41-9008-482D936ACCB2}.Release|x64.ActiveCfg = Release|x64
		{8B60334D-3440-3D41-9008-482D936ACCB2}.Release|x64.Build.0 = Release|x64
		{8B60334D-3440-3D41-9008-482D936ACCB2}.MinSizeRel|x64.ActiveCfg = MinSizeRel|x64
		{8B60334D-3440-3D41-9008-482D936ACCB2}.MinSizeRel|x64.Build.0 = MinSizeRel|x64
		{8B60334D-3440-3D41-9008-482D936ACCB2}.RelWithDebInfo|x64.ActiveCfg = RelWithDebInfo|x64
		{8B60334D-3440-3D41-9008-482D936ACCB2}.RelWithDebInfo|x64.Build.0 = RelWithDebInfo|x64
		{717D39EC-4019-307A-B49C-6023AC229231}.Debug|x64.ActiveCfg = Debug|x64
		{717D39EC-4019-307A-B49C-6023AC229231}.Debug|x64.Build.0 = Debug|x64
		{717D39EC-4019-307A-B49C-6023AC229231}.Release|x64.ActiveCfg = Release|x64
		{717D39EC-4019-307A-B49C-6023AC229231}.Release|x64.Build.0 = Release|x64
		{717D39EC-4019-307A-B49C-6023AC229231}.MinSizeRel|x64.ActiveCfg = MinSizeRel|x64
		{717D39EC-4019-307A-B49C-6023AC229231}.MinSizeRel|x64.Build.0 = MinSizeRel|x64
		{717D39EC-4019-307A-B49C-6023AC229231}.RelWithDebInfo|x64.ActiveCfg = RelWithDebInfo|x64
		{717D39EC-4019-307A-B49C-6023AC229231}.RelWithDebInfo|x64.Build.0 = RelWithDebInfo|x64
		{46BEC9C0-B892-3946-80F2-FC2C25BB365A}.Debug|x64.ActiveCfg = Debug|x64
		{46BEC9C0-B892-3946-80F2-FC2C25BB365A}.Debug|x64.Build.0 = Debug|x64
		{46BEC9C0-B892-3946-80F2-FC2C25BB365A}.Release|x64.ActiveCfg = Release|x64
		{46BEC9C0-B892-3946-80F2-FC2C25BB365A}.Release|x64.Build.0 = Release|x64
		{46BEC9C0-B892-3946-80F2-FC2C25BB365A}.MinSizeRel|x64.ActiveCfg = MinSizeRel|x64
		{46BEC9C0-B892-3946-80F2-FC2C25BB365A}.MinSizeRel|x64.Build.0 = MinSizeRel|x64
		{46BEC9C0-B892-3946-80F2-FC2C25BB365A}.RelWithDebInfo|x64.ActiveCfg = RelWithDebInfo|x64
		{46BEC9C0-B892-3946-80F2-FC2C25BB365A}.RelWithDebInfo|x64.Build.0 = RelWithDebInfo|x64
		{BE8D27D7-6CA6-3CDE-8363-4C1FF6D0BDC6}.Debug|x64.ActiveCfg = Debug|x64
		{BE8D27D7-6CA6-3CDE-8363-4C1FF6D0BDC6}.Debug|x64.Build.0 = Debug|x64
		{BE8D27D7-6CA6-3CDE-8363-4C1FF6D0BDC6}.Release|x64.ActiveCfg = Release|x64
		{BE8D27D7-6CA6-3CDE-8363-4C1FF6D0BDC6}.Release|x64.Build.0 = Release|x64
		{BE8D27D7-6CA6-3CDE-8363-4C1FF6D0BDC6}.MinSizeRel|x64.ActiveCfg = MinSizeRel|x64
		{BE8D27D7-6CA6-3CDE-8363-4C1FF6D0BDC6}.MinSizeRel|x64.Build.0 = MinSizeRel|x64
		{BE8D27D7-6CA6-3CDE-8363-4C1FF6D0BDC6}.RelWithDebInfo|x64.ActiveCfg = RelWithDebInfo|x64
		{BE8D27D7-6CA6-3CDE-8363-4C1FF6D0BDC6}.RelWithDebInfo|x64.Build.0 = RelWithDebInfo|x64
		{4A9C576D-55C8-3A77-B98C-A42C2BAC91C0}.Debug|x64.ActiveCfg = Debug|x64
		{4A9C576D-55C8-3A77-B98C-A42C2BAC91C0}.Debug|x64.Build.0 = Debug|x64
		{4A9C576D-55C8-3A77-B98C-A42C2BAC91C0}.Release|x64.ActiveCfg = Release|x64
		{4A9C576D-55C8-3A77-B98C-A42C2BAC91C0}.Release|x64.Build.0 = Release|x64
		{4A9C576D-55C8-3A77-B98C-A42C2BAC91C0}.MinSizeRel|x64.ActiveCfg = MinSizeRel|x64
		{4A9C576D-55C8-3A77-B98C-A42C2BAC91C0}.MinSizeRel|x64.Build.0 = MinSizeRel|x64
		{4A9C576D-55C8-3A77-B98C-A42C2BAC91C0}.RelWithDebInfo|x64.ActiveCfg = RelWithDebInfo|x64
		{4A9C576D-55C8-3A77-B98C-A42C2BAC91C0}.RelWithDebInfo|x64.Build.0 = RelWithDebInfo|x64
		{59E17CEA-B08F-3319-B5BC-1BADEA9D0570}.Debug|x64.ActiveCfg = Debug|x64
		{59E17CEA-B08F-3319-B5BC-1BADEA9D0570}.Debug|x64.Build.0 = Debug|x64
		{59E17CEA-B08F-3319-B5BC-1BADEA9D0570}.Release|x64.ActiveCfg = Release|x64
		{59E17CEA-B08F-3319-B5BC-1BADEA9D0570}.Release|x64.Build.0 = Release|x64
		{59E17CEA-B08F-3319-B5BC-1BADEA9D0570}.MinSizeRel|x64.ActiveCfg = MinSizeRel|x64
		{59E17CEA-B08F-3319-B5BC-1BADEA9D0570}.MinSizeRel|x64.Build.0 = MinSizeRel|x64
		{59E17CEA-B08F-3319-B5BC-1BADEA9D0570}.RelWithDebInfo|x64.ActiveCfg = RelWithDebInfo|x64
		{59E17CEA-B08F-3319-B5BC-1BADEA9D0570}.RelWithDebInfo|x64.Build.0 = RelWithDebInfo|x64
		{97B63D6B-7F90-369C-A6D1-E7408A99FDFD}.Debug|x64.ActiveCfg = Debug|x64
		{97B63D6B-7F90-369C-A6D1-E7408A99FDFD}.Debug|x64.Build.0 = Debug|x64
		{97B63D6B-7F90-369C-A6D1-E7408A99FDFD}.Release|x64.ActiveCfg = Release|x64
		{97B63D6B-7F90-369C-A6D1-E7408A99FDFD}.Release|x64.Build.0 = Release|x64
		{97B63D6B-7F90-369C-A6D1-E7408A99FDFD}.MinSizeRel|x64.ActiveCfg = MinSizeRel|x64
		{97B63D6B-7F90-369C-A6D1-E7408A99FDFD}.MinSizeRel|x64.Build.0 = MinSizeRel|x64
		{97B63D6B-7F90-369C-A6D1-E7408A99FDFD}.RelWithDebInfo|x64.ActiveCfg = RelWithDebInfo|x64
		{97B63D6B-7F90-369C-A6D1-E7408A99FDFD}.RelWithDebInfo|x64.Build.0 = RelWithDebInfo|x64
		{441A46C9-112B-3186-B07B-1D8C00778DB7}.Debug|x64.ActiveCfg = Debug|x64
		{441A46C9-112B-3186-B07B-1D8C00778DB7}.Debug|x64.Build.0 = Debug|x64
		{441A46C9-112B-3186-B07B-1D8C00778DB7}.Release|x64.ActiveCfg = Release|x64
		{441A46C9-112B-3186-B07B-1D8C00778DB7}.Release|x64.Build.0 = Release|x64
		{441A46C9-112B-3186-B07B-1D8C00778DB7}.MinSizeRel|x64.ActiveCfg = MinSizeRel|x64
		{441A46C9-112B-3186-B07B-1D8C00778DB7}.MinSizeRel|x64.Build.0 = MinSizeRel|x64
		{441A46C9-112B-3186-B07B-1D8C00778DB7}.RelWithDebInfo|x64.ActiveCfg = RelWithDebInfo|x64
		{441A46C9-112B-3186-B07B-1D8C00778DB7}.RelWithDebInfo|x64.Build.0 = RelWithDebInfo|x64
		{6C568FD3-E618-32BC-BE12-83FE3100C76C}.Debug|x64.ActiveCfg = Debug|x64
		{6C568FD3-E618-32BC-BE12-83FE3100C76C}.Debug|x64.Build.0 = Debug|x64
		{6C568FD3-E618-32BC-BE12-83FE3100C76C}.Release|x64.ActiveCfg = Release|x64
		{6C568FD3-E618-32BC-BE12-83FE3100C76C}.Release|x64.Build.0 = Release|x64
		{6C568FD3-E618-32BC-BE12-83FE3100C76C}.MinSizeRel|x64.ActiveCfg = MinSizeRel|x64
		{6C568FD3-E618-32BC-BE12-83FE3100C76C}.MinSizeRel|x64.Build.0 = MinSizeRel|x64
		{6C568FD3-E618-32BC-BE12-83FE3100C76C}.RelWithDebInfo|x64.ActiveCfg = RelWithDebInfo|x64
		{6C568FD3-E618-32BC-BE12-83FE3100C76C}.RelWithDebInfo|x64.Build.0 = RelWithDebInfo|x64
		{9B3F12B0-63D7-30AD-BF95-4371C2DD55B4}.Debug|x64.ActiveCfg = Debug|x64
		{9B3F12B0-63D7-30AD-BF95-4371C2DD55B4}.Release|x64.ActiveCfg = Release|x64
		{9B3F12B0-63D7-30AD-BF95-4371C2DD55B4}.MinSizeRel|x64.ActiveCfg = MinSizeRel|x64
		{9B3F12B0-63D7-30AD-BF95-4371C2DD55B4}.RelWithDebInfo|x64.ActiveCfg = RelWithDebInfo|x64
		{1DB4347B-B0EF-3188-A571-A5C1E5CDA3C3}.Debug|x64.ActiveCfg = Debug|x64
		{1DB4347B-B0EF-3188-A571-A5C1E5CDA3C3}.Debug|x64.Build.0 = Debug|x64
		{1DB4347B-B0EF-3188-A571-A5C1E5CDA3C3}.Release|x64.ActiveCfg = Release|x64
		{1DB4347B-B0EF-3188-A571-A5C1E5CDA3C3}.Release|x64.Build.0 = Release|x64
		{1DB4347B-B0EF-3188-A571-A5C1E5CDA3C3}.MinSizeRel|x64.ActiveCfg = MinSizeRel|x64
		{1DB4347B-B0EF-3188-A571-A5C1E5CDA3C3}.MinSizeRel|x64.Build.0 = MinSizeRel|x64
		{1DB4347B-B0EF-3188-A571-A5C1E5CDA3C3}.RelWithDebInfo|x64.ActiveCfg = RelWithDebInfo|x64
		{1DB4347B-B0EF-3188-A571-A5C1E5CDA3C3}.RelWithDebInfo|x64.Build.0 = RelWithDebInfo|x64
		{C3FE3E18-4BCA-3208-8C87-CC920477373D}.Debug|x64.ActiveCfg = Debug|x64
		{C3FE3E18-4BCA-3208-8C87-CC920477373D}.Debug|x64.Build.0 = Debug|x64
		{C3FE3E18-4BCA-3208-8C87-CC920477373D}.Release|x64.ActiveCfg = Release|x64
		{C3FE3E18-4BCA-3208-8C87-CC920477373D}.Release|x64.Build.0 = Release|x64
		{C3FE3E18-4BCA-3208-8C87-CC920477373D}.MinSizeRel|x64.ActiveCfg = MinSizeRel|x64
		{C3FE3E18-4BCA-3208-8C87-CC920477373D}.MinSizeRel|x64.Build.0 = MinSizeRel|x64
		{C3FE3E18-4BCA-3208-8C87-CC920477373D}.RelWithDebInfo|x64.ActiveCfg = RelWithDebInfo|x64
		{C3FE3E18-4BCA-3208-8C87-CC920477373D}.RelWithDebInfo|x64.Build.0 = RelWithDebInfo|x64
	EndGlobalSection
	GlobalSection(NestedProjects) = preSolution
		{CEEA1002-5E99-3CCD-ADFC-E35575915A6F} = {C0EEA5E9-80D8-30C0-BBB1-330BA9F87532}
		{38EE7098-C1C8-3C16-92C7-2F08AD27A189} = {C0EEA5E9-80D8-30C0-BBB1-330BA9F87532}
		{0C91A503-D855-3028-804D-519E12344399} = {C0EEA5E9-80D8-30C0-BBB1-330BA9F87532}
		{64032C76-C303-3F3D-9644-5955E4A35CFD} = {9398B036-5BFB-3AB9-9D22-09E7EC378261}
		{0CF807C0-1590-3E98-9AA4-91687D9A84AC} = {9398B036-5BFB-3AB9-9D22-09E7EC378261}
		{45AD2299-4977-3F6C-935B-6F6B29CC2642} = {9398B036-5BFB-3AB9-9D22-09E7EC378261}
		{3C80E0B9-368E-399E-A547-3E4F210E9DC1} = {64032C76-C303-3F3D-9644-5955E4A35CFD}
		{08B54111-724A-3709-A230-F27071774B88} = {64032C76-C303-3F3D-9644-5955E4A35CFD}
		{B1AC51E7-40CC-33E8-BFB1-E46F0D7BB484} = {64032C76-C303-3F3D-9644-5955E4A35CFD}
		{8B60334D-3440-3D41-9008-482D936ACCB2} = {64032C76-C303-3F3D-9644-5955E4A35CFD}
		{4A9C576D-55C8-3A77-B98C-A42C2BAC91C0} = {64032C76-C303-3F3D-9644-5955E4A35CFD}
		{59E17CEA-B08F-3319-B5BC-1BADEA9D0570} = {64032C76-C303-3F3D-9644-5955E4A35CFD}
		{1DB4347B-B0EF-3188-A571-A5C1E5CDA3C3} = {64032C76-C303-3F3D-9644-5955E4A35CFD}
		{5275FBB2-CE55-355A-9688-526EE1D52305} = {0CF807C0-1590-3E98-9AA4-91687D9A84AC}
		{07A4C5E4-762F-3D71-9649-73E544551B02} = {0CF807C0-1590-3E98-9AA4-91687D9A84AC}
		{DC34A84F-8E5D-35A4-8C82-00C466829E98} = {0CF807C0-1590-3E98-9AA4-91687D9A84AC}
		{7277797B-EE36-3CA6-BE3D-12C10BD27391} = {0CF807C0-1590-3E98-9AA4-91687D9A84AC}
		{33D924C7-133E-385F-BEE1-420E1AF66F16} = {0CF807C0-1590-3E98-9AA4-91687D9A84AC}
		{17381202-C648-36A8-9C8B-EC18B1CE6AF6} = {0CF807C0-1590-3E98-9AA4-91687D9A84AC}
		{B6903078-8D17-3AEE-A5E2-C629EFF9E876} = {0CF807C0-1590-3E98-9AA4-91687D9A84AC}
		{EE9907C7-13CB-39E9-AA09-814C06C30FA0} = {0CF807C0-1590-3E98-9AA4-91687D9A84AC}
		{7C8FF8C7-52E7-3EBF-9E7A-C58ED40895CA} = {0CF807C0-1590-3E98-9AA4-91687D9A84AC}
		{D29C0B49-F86D-3B86-AE18-31D9C50C0AC4} = {0CF807C0-1590-3E98-9AA4-91687D9A84AC}
		{46BEC9C0-B892-3946-80F2-FC2C25BB365A} = {0CF807C0-1590-3E98-9AA4-91687D9A84AC}
		{BE8D27D7-6CA6-3CDE-8363-4C1FF6D0BDC6} = {0CF807C0-1590-3E98-9AA4-91687D9A84AC}
		{97B63D6B-7F90-369C-A6D1-E7408A99FDFD} = {0CF807C0-1590-3E98-9AA4-91687D9A84AC}
		{441A46C9-112B-3186-B07B-1D8C00778DB7} = {0CF807C0-1590-3E98-9AA4-91687D9A84AC}
		{6C568FD3-E618-32BC-BE12-83FE3100C76C} = {0CF807C0-1590-3E98-9AA4-91687D9A84AC}
		{C3FE3E18-4BCA-3208-8C87-CC920477373D} = {0CF807C0-1590-3E98-9AA4-91687D9A84AC}
	EndGlobalSection
	GlobalSection(ExtensibilityGlobals) = postSolution
		SolutionGuid = {17C2F4AC-F5AC-34FE-BC7F-DC602CAE105C}
	EndGlobalSection
	GlobalSection(ExtensibilityAddIns) = postSolution
	EndGlobalSection
EndGlobal
